
Microsoft Visual Studio Solution File, Format Version 12.00
# Visual Studio Version 17
VisualStudioVersion = 17.0.31903.59
MinimumVisualStudioVersion = 10.0.40219.1
Project("{FAE04EC0-301F-11D3-BF4B-00C04F79EFBC}") = "DaisyOS.Core", "src\DaisyOS.Core\DaisyOS.Core.csproj", "{0F8B8E98-AC57-49AB-A708-FC48C55D24F8}"
EndProject
Project("{FAE04EC0-301F-11D3-BF4B-00C04F79EFBC}") = "DaisyOS.System", "src\DaisyOS.System\DaisyOS.System.csproj", "{70C2ED9D-3E78-47DD-8E86-A7EA3BE6D9E9}"
EndProject
Project("{FAE04EC0-301F-11D3-BF4B-00C04F79EFBC}") = "DaisyOS.Shell", "src\DaisyOS.Shell\DaisyOS.Shell.csproj", "{EE4F5EA6-46F8-401D-9D35-A72861F565C1}"
EndProject
Project("{FAE04EC0-301F-11D3-BF4B-00C04F79EFBC}") = "DaisyOS.Tests", "tests\DaisyOS.Tests\DaisyOS.Tests.csproj", "{B7AA7218-EE93-4B1E-A4F3-129A79BD6B4E}"
EndProject
Project("{FAE04EC0-301F-11D3-BF4B-00C04F79EFBC}") = "DaisyOS.ShellDemo.Tests", "tests\DaisyOS.ShellDemo.Tests\DaisyOS.ShellDemo.Tests.csproj", "{A5F2E8B3-1C6D-4E7F-9A20-6B8C3D4E5F70}"
EndProject
Project("{FAE04EC0-301F-11D3-BF4B-00C04F79EFBC}") = "DaisyOS.Shell.Tests", "tests\DaisyOS.Shell.Tests\DaisyOS.Shell.Tests.csproj", "{C4B82A91-2E8F-4D11-A5B2-9F0A21B68C3E}"
EndProject
Project("{2150E333-8FDC-42A3-9474-1A3956D46DE8}") = "src", "src", "{827E0CD3-B72D-47B6-A68D-7590B98EB39B}"
EndProject
Project("{FAE04EC0-301F-11D3-BF4B-00C04F79EFBC}") = "DaisyOS.Installer", "src\DaisyOS.Installer\DaisyOS.Installer.csproj", "{3984BC84-E76A-4B88-BD41-7E364D1F2FFD}"
EndProject
Project("{FAE04EC0-301F-11D3-BF4B-00C04F79EFBC}") = "UIKit", "src\UIKit\UIKit.csproj", "{61F643E7-7481-4163-9668-9651178E3D14}"
EndProject
Global
	GlobalSection(SolutionConfigurationPlatforms) = preSolution
		Debug|Any CPU = Debug|Any CPU
		Debug|x64 = Debug|x64
		Debug|x86 = Debug|x86
		Release|Any CPU = Release|Any CPU
		Release|x64 = Release|x64
		Release|x86 = Release|x86
	EndGlobalSection
	GlobalSection(ProjectConfigurationPlatforms) = postSolution
		{0F8B8E98-AC57-49AB-A708-FC48C55D24F8}.Debug|Any CPU.ActiveCfg = Debug|Any CPU
		{0F8B8E98-AC57-49AB-A708-FC48C55D24F8}.Debug|Any CPU.Build.0 = Debug|Any CPU
		{0F8B8E98-AC57-49AB-A708-FC48C55D24F8}.Debug|x64.ActiveCfg = Debug|Any CPU
		{0F8B8E98-AC57-49AB-A708-FC48C55D24F8}.Debug|x64.Build.0 = Debug|Any CPU
		{0F8B8E98-AC57-49AB-A708-FC48C55D24F8}.Debug|x86.ActiveCfg = Debug|Any CPU
		{0F8B8E98-AC57-49AB-A708-FC48C55D24F8}.Debug|x86.Build.0 = Debug|Any CPU
		{0F8B8E98-AC57-49AB-A708-FC48C55D24F8}.Release|Any CPU.ActiveCfg = Release|Any CPU
		{0F8B8E98-AC57-49AB-A708-FC48C55D24F8}.Release|Any CPU.Build.0 = Release|Any CPU
		{0F8B8E98-AC57-49AB-A708-FC48C55D24F8}.Release|x64.ActiveCfg = Release|Any CPU
		{0F8B8E98-AC57-49AB-A708-FC48C55D24F8}.Release|x64.Build.0 = Release|Any CPU
		{0F8B8E98-AC57-49AB-A708-FC48C55D24F8}.Release|x86.ActiveCfg = Release|Any CPU
		{0F8B8E98-AC57-49AB-A708-FC48C55D24F8}.Release|x86.Build.0 = Release|Any CPU
		{70C2ED9D-3E78-47DD-8E86-A7EA3BE6D9E9}.Debug|Any CPU.ActiveCfg = Debug|Any CPU
		{70C2ED9D-3E78-47DD-8E86-A7EA3BE6D9E9}.Debug|Any CPU.Build.0 = Debug|Any CPU
		{70C2ED9D-3E78-47DD-8E86-A7EA3BE6D9E9}.Debug|x64.ActiveCfg = Debug|Any CPU
		{70C2ED9D-3E78-47DD-8E86-A7EA3BE6D9E9}.Debug|x64.Build.0 = Debug|Any CPU
		{70C2ED9D-3E78-47DD-8E86-A7EA3BE6D9E9}.Debug|x86.ActiveCfg = Debug|Any CPU
		{70C2ED9D-3E78-47DD-8E86-A7EA3BE6D9E9}.Debug|x86.Build.0 = Debug|Any CPU
		{70C2ED9D-3E78-47DD-8E86-A7EA3BE6D9E9}.Release|Any CPU.ActiveCfg = Release|Any CPU
		{70C2ED9D-3E78-47DD-8E86-A7EA3BE6D9E9}.Release|Any CPU.Build.0 = Release|Any CPU
		{70C2ED9D-3E78-47DD-8E86-A7EA3BE6D9E9}.Release|x64.ActiveCfg = Release|Any CPU
		{70C2ED9D-3E78-47DD-8E86-A7EA3BE6D9E9}.Release|x64.Build.0 = Release|Any CPU
		{70C2ED9D-3E78-47DD-8E86-A7EA3BE6D9E9}.Release|x86.ActiveCfg = Release|Any CPU
		{70C2ED9D-3E78-47DD-8E86-A7EA3BE6D9E9}.Release|x86.Build.0 = Release|Any CPU
		{EE4F5EA6-46F8-401D-9D35-A72861F565C1}.Debug|Any CPU.ActiveCfg = Debug|Any CPU
		{EE4F5EA6-46F8-401D-9D35-A72861F565C1}.Debug|Any CPU.Build.0 = Debug|Any CPU
		{EE4F5EA6-46F8-401D-9D35-A72861F565C1}.Debug|x64.ActiveCfg = Debug|Any CPU
		{EE4F5EA6-46F8-401D-9D35-A72861F565C1}.Debug|x64.Build.0 = Debug|Any CPU
		{EE4F5EA6-46F8-401D-9D35-A72861F565C1}.Debug|x86.ActiveCfg = Debug|Any CPU
		{EE4F5EA6-46F8-401D-9D35-A72861F565C1}.Debug|x86.Build.0 = Debug|Any CPU
		{EE4F5EA6-46F8-401D-9D35-A72861F565C1}.Release|Any CPU.ActiveCfg = Release|Any CPU
		{EE4F5EA6-46F8-401D-9D35-A72861F565C1}.Release|Any CPU.Build.0 = Release|Any CPU
		{EE4F5EA6-46F8-401D-9D35-A72861F565C1}.Release|x64.ActiveCfg = Release|Any CPU
		{EE4F5EA6-46F8-401D-9D35-A72861F565C1}.Release|x64.Build.0 = Release|Any CPU
		{EE4F5EA6-46F8-401D-9D35-A72861F565C1}.Release|x86.ActiveCfg = Release|Any CPU
		{EE4F5EA6-46F8-401D-9D35-A72861F565C1}.Release|x86.Build.0 = Release|Any CPU
		{B7AA7218-EE93-4B1E-A4F3-129A79BD6B4E}.Debug|Any CPU.ActiveCfg = Debug|Any CPU
		{B7AA7218-EE93-4B1E-A4F3-129A79BD6B4E}.Debug|Any CPU.Build.0 = Debug|Any CPU
		{B7AA7218-EE93-4B1E-A4F3-129A79BD6B4E}.Debug|x64.ActiveCfg = Debug|Any CPU
		{B7AA7218-EE93-4B1E-A4F3-129A79BD6B4E}.Debug|x64.Build.0 = Debug|Any CPU
		{B7AA7218-EE93-4B1E-A4F3-129A79BD6B4E}.Debug|x86.ActiveCfg = Debug|Any CPU
		{B7AA7218-EE93-4B1E-A4F3-129A79BD6B4E}.Debug|x86.Build.0 = Debug|Any CPU
		{B7AA7218-EE93-4B1E-A4F3-129A79BD6B4E}.Release|Any CPU.ActiveCfg = Release|Any CPU
		{B7AA7218-EE93-4B1E-A4F3-129A79BD6B4E}.Release|Any CPU.Build.0 = Release|Any CPU
		{B7AA7218-EE93-4B1E-A4F3-129A79BD6B4E}.Release|x64.ActiveCfg = Release|Any CPU
		{B7AA7218-EE93-4B1E-A4F3-129A79BD6B4E}.Release|x64.Build.0 = Release|Any CPU
		{B7AA7218-EE93-4B1E-A4F3-129A79BD6B4E}.Release|x86.ActiveCfg = Release|Any CPU
		{B7AA7218-EE93-4B1E-A4F3-129A79BD6B4E}.Release|x86.Build.0 = Release|Any CPU
		{A5F2E8B3-1C6D-4E7F-9A20-6B8C3D4E5F70}.Debug|Any CPU.ActiveCfg = Debug|Any CPU
		{A5F2E8B3-1C6D-4E7F-9A20-6B8C3D4E5F70}.Debug|Any CPU.Build.0 = Debug|Any CPU
		{A5F2E8B3-1C6D-4E7F-9A20-6B8C3D4E5F70}.Debug|x64.ActiveCfg = Debug|Any CPU
		{A5F2E8B3-1C6D-4E7F-9A20-6B8C3D4E5F70}.Debug|x64.Build.0 = Debug|Any CPU
		{A5F2E8B3-1C6D-4E7F-9A20-6B8C3D4E5F70}.Debug|x86.ActiveCfg = Debug|Any CPU
		{A5F2E8B3-1C6D-4E7F-9A20-6B8C3D4E5F70}.Debug|x86.Build.0 = Debug|Any CPU
		{A5F2E8B3-1C6D-4E7F-9A20-6B8C3D4E5F70}.Release|Any CPU.ActiveCfg = Release|Any CPU
		{A5F2E8B3-1C6D-4E7F-9A20-6B8C3D4E5F70}.Release|Any CPU.Build.0 = Release|Any CPU
		{A5F2E8B3-1C6D-4E7F-9A20-6B8C3D4E5F70}.Release|x64.ActiveCfg = Release|Any CPU
		{A5F2E8B3-1C6D-4E7F-9A20-6B8C3D4E5F70}.Release|x64.Build.0 = Release|Any CPU
		{A5F2E8B3-1C6D-4E7F-9A20-6B8C3D4E5F70}.Release|x86.ActiveCfg = Release|Any CPU
		{A5F2E8B3-1C6D-4E7F-9A20-6B8C3D4E5F70}.Release|x86.Build.0 = Release|Any CPU
		{C4B82A91-2E8F-4D11-A5B2-9F0A21B68C3E}.Debug|Any CPU.ActiveCfg = Debug|Any CPU
		{C4B82A91-2E8F-4D11-A5B2-9F0A21B68C3E}.Debug|Any CPU.Build.0 = Debug|Any CPU
		{C4B82A91-2E8F-4D11-A5B2-9F0A21B68C3E}.Debug|x64.ActiveCfg = Debug|Any CPU
		{C4B82A91-2E8F-4D11-A5B2-9F0A21B68C3E}.Debug|x64.Build.0 = Debug|Any CPU
		{C4B82A91-2E8F-4D11-A5B2-9F0A21B68C3E}.Debug|x86.ActiveCfg = Debug|Any CPU
		{C4B82A91-2E8F-4D11-A5B2-9F0A21B68C3E}.Debug|x86.Build.0 = Debug|Any CPU
		{C4B82A91-2E8F-4D11-A5B2-9F0A21B68C3E}.Release|Any CPU.ActiveCfg = Release|Any CPU
		{C4B82A91-2E8F-4D11-A5B2-9F0A21B68C3E}.Release|Any CPU.Build.0 = Release|Any CPU
		{C4B82A91-2E8F-4D11-A5B2-9F0A21B68C3E}.Release|x64.ActiveCfg = Release|Any CPU
		{C4B82A91-2E8F-4D11-A5B2-9F0A21B68C3E}.Release|x64.Build.0 = Release|Any CPU
		{C4B82A91-2E8F-4D11-A5B2-9F0A21B68C3E}.Release|x86.ActiveCfg = Release|Any CPU
		{C4B82A91-2E8F-4D11-A5B2-9F0A21B68C3E}.Release|x86.Build.0 = Release|Any CPU
		{3984BC84-E76A-4B88-BD41-7E364D1F2FFD}.Debug|Any CPU.ActiveCfg = Debug|Any CPU
		{3984BC84-E76A-4B88-BD41-7E364D1F2FFD}.Debug|Any CPU.Build.0 = Debug|Any CPU
		{3984BC84-E76A-4B88-BD41-7E364D1F2FFD}.Debug|x64.ActiveCfg = Debug|Any CPU
		{3984BC84-E76A-4B88-BD41-7E364D1F2FFD}.Debug|x64.Build.0 = Debug|Any CPU
		{3984BC84-E76A-4B88-BD41-7E364D1F2FFD}.Debug|x86.ActiveCfg = Debug|Any CPU
		{3984BC84-E76A-4B88-BD41-7E364D1F2FFD}.Debug|x86.Build.0 = Debug|Any CPU
		{3984BC84-E76A-4B88-BD41-7E364D1F2FFD}.Release|Any CPU.ActiveCfg = Release|Any CPU
		{3984BC84-E76A-4B88-BD41-7E364D1F2FFD}.Release|Any CPU.Build.0 = Release|Any CPU
		{3984BC84-E76A-4B88-BD41-7E364D1F2FFD}.Release|x64.ActiveCfg = Release|Any CPU
		{3984BC84-E76A-4B88-BD41-7E364D1F2FFD}.Release|x64.Build.0 = Release|Any CPU
		{3984BC84-E76A-4B88-BD41-7E364D1F2FFD}.Release|x86.ActiveCfg = Release|Any CPU
		{3984BC84-E76A-4B88-BD41-7E364D1F2FFD}.Release|x86.Build.0 = Release|Any CPU
		{61F643E7-7481-4163-9668-9651178E3D14}.Debug|Any CPU.ActiveCfg = Debug|Any CPU
		{61F643E7-7481-4163-9668-9651178E3D14}.Debug|Any CPU.Build.0 = Debug|Any CPU
		{61F643E7-7481-4163-9668-9651178E3D14}.Debug|x64.ActiveCfg = Debug|Any CPU
		{61F643E7-7481-4163-9668-9651178E3D14}.Debug|x64.Build.0 = Debug|Any CPU
		{61F643E7-7481-4163-9668-9651178E3D14}.Debug|x86.ActiveCfg = Debug|Any CPU
		{61F643E7-7481-4163-9668-9651178E3D14}.Debug|x86.Build.0 = Debug|Any CPU
		{61F643E7-7481-4163-9668-9651178E3D14}.Release|Any CPU.ActiveCfg = Release|Any CPU
		{61F643E7-7481-4163-9668-9651178E3D14}.Release|Any CPU.Build.0 = Release|Any CPU
		{61F643E7-7481-4163-9668-9651178E3D14}.Release|x64.ActiveCfg = Release|Any CPU
		{61F643E7-7481-4163-9668-9651178E3D14}.Release|x64.Build.0 = Release|Any CPU
		{61F643E7-7481-4163-9668-9651178E3D14}.Release|x86.ActiveCfg = Release|Any CPU
		{61F643E7-7481-4163-9668-9651178E3D14}.Release|x86.Build.0 = Release|Any CPU
	EndGlobalSection
	GlobalSection(SolutionProperties) = preSolution
		HideSolutionNode = FALSE
	EndGlobalSection
	GlobalSection(NestedProjects) = preSolution
		{3984BC84-E76A-4B88-BD41-7E364D1F2FFD} = {827E0CD3-B72D-47B6-A68D-7590B98EB39B}
		{61F643E7-7481-4163-9668-9651178E3D14} = {827E0CD3-B72D-47B6-A68D-7590B98EB39B}
	EndGlobalSection
EndGlobal
